// !$*UTF8*$!
{
	archiveVersion = 1;
	classes = {
	};
	objectVersion = 56;
	objects = {

/* Begin PBXBuildFile section */
		BE1D13CB2A64D4CF00BAF65F /* Character.swift in Sources */ = {isa = PBXBuildFile; fileRef = BE1D13CA2A64D4CF00BAF65F /* Character.swift */; };
		BE1D13CD2A64D7E000BAF65F /* CharacterViewController.storyboard in Resources */ = {isa = PBXBuildFile; fileRef = BE1D13CC2A64D7E000BAF65F /* CharacterViewController.storyboard */; };
		BE1D13D62A64D98100BAF65F /* CharacterCell.xib in Resources */ = {isa = PBXBuildFile; fileRef = BE1D13D52A64D98100BAF65F /* CharacterCell.xib */; };
		BE1D13D82A64DBDC00BAF65F /* CharacterCell.swift in Sources */ = {isa = PBXBuildFile; fileRef = BE1D13D72A64DBDC00BAF65F /* CharacterCell.swift */; };
		BE1D13DB2A64E71B00BAF65F /* ViewControllerProtocol.swift in Sources */ = {isa = PBXBuildFile; fileRef = BE1D13DA2A64E71B00BAF65F /* ViewControllerProtocol.swift */; };
		BE1D13DE2A64EC2A00BAF65F /* UIImageView+Extension.swift in Sources */ = {isa = PBXBuildFile; fileRef = BE1D13DD2A64EC2A00BAF65F /* UIImageView+Extension.swift */; };
		BE1D13E72A64EFE300BAF65F /* MenuModelTest.swift in Sources */ = {isa = PBXBuildFile; fileRef = BE1D13E62A64EFE300BAF65F /* MenuModelTest.swift */; };
		BE1D13F82A64F34B00BAF65F /* AlamofireServiceMock.swift in Sources */ = {isa = PBXBuildFile; fileRef = BE1D13F72A64F34B00BAF65F /* AlamofireServiceMock.swift */; };
		BE1D13FA2A64F39600BAF65F /* Alamofire in Frameworks */ = {isa = PBXBuildFile; productRef = BE1D13F92A64F39600BAF65F /* Alamofire */; };
		BE1D13FC2A64F41400BAF65F /* MenuPresenterMock.swift in Sources */ = {isa = PBXBuildFile; fileRef = BE1D13FB2A64F41400BAF65F /* MenuPresenterMock.swift */; };
		BE1D13FE2A64FF7A00BAF65F /* Quick in Frameworks */ = {isa = PBXBuildFile; productRef = BE1D13FD2A64FF7A00BAF65F /* Quick */; };
		BE1D14002A64FF7A00BAF65F /* Nimble in Frameworks */ = {isa = PBXBuildFile; productRef = BE1D13FF2A64FF7A00BAF65F /* Nimble */; };
		BE1D14022A64FF8000BAF65F /* Quick in Frameworks */ = {isa = PBXBuildFile; productRef = BE1D14012A64FF8000BAF65F /* Quick */; };
		BE1D14042A64FF8000BAF65F /* Nimble in Frameworks */ = {isa = PBXBuildFile; productRef = BE1D14032A64FF8000BAF65F /* Nimble */; };
		BE4784E42A53C90C00E051FD /* Menu.swift in Sources */ = {isa = PBXBuildFile; fileRef = BE4784E32A53C90C00E051FD /* Menu.swift */; };
		BE4784E72A53C94B00E051FD /* MenuPresenter.swift in Sources */ = {isa = PBXBuildFile; fileRef = BE4784E62A53C94B00E051FD /* MenuPresenter.swift */; };
		BE4784E92A53C95700E051FD /* Constants.swift in Sources */ = {isa = PBXBuildFile; fileRef = BE4784E82A53C95700E051FD /* Constants.swift */; };
		BE4784EB2A53CA8D00E051FD /* MenuModel.swift in Sources */ = {isa = PBXBuildFile; fileRef = BE4784EA2A53CA8D00E051FD /* MenuModel.swift */; };
		BE4784EE2A53D34200E051FD /* CharacterViewController.swift in Sources */ = {isa = PBXBuildFile; fileRef = BE4784ED2A53D34200E051FD /* CharacterViewController.swift */; };
		BE4784F02A53D35B00E051FD /* CharacterPresenter.swift in Sources */ = {isa = PBXBuildFile; fileRef = BE4784EF2A53D35B00E051FD /* CharacterPresenter.swift */; };
		BE4784F22A53D36600E051FD /* CharacterModel.swift in Sources */ = {isa = PBXBuildFile; fileRef = BE4784F12A53D36600E051FD /* CharacterModel.swift */; };
		BE4EB6B52A53A2610013970B /* AppDelegate.swift in Sources */ = {isa = PBXBuildFile; fileRef = BE4EB6B42A53A2610013970B /* AppDelegate.swift */; };
		BE4EB6B92A53A2610013970B /* MenuViewController.swift in Sources */ = {isa = PBXBuildFile; fileRef = BE4EB6B82A53A2610013970B /* MenuViewController.swift */; };
		BE4EB6BC2A53A2610013970B /* Menu.storyboard in Resources */ = {isa = PBXBuildFile; fileRef = BE4EB6BA2A53A2610013970B /* Menu.storyboard */; };
		BE4EB6BE2A53A2630013970B /* Assets.xcassets in Resources */ = {isa = PBXBuildFile; fileRef = BE4EB6BD2A53A2630013970B /* Assets.xcassets */; };
		BE4EB6C12A53A2630013970B /* LaunchScreen.storyboard in Resources */ = {isa = PBXBuildFile; fileRef = BE4EB6BF2A53A2630013970B /* LaunchScreen.storyboard */; };
		BE4EB6E72A53BBF40013970B /* Alamofire in Frameworks */ = {isa = PBXBuildFile; productRef = BE4EB6E62A53BBF40013970B /* Alamofire */; };
		BE4EB6EA2A53BE660013970B /* AlamofireService.swift in Sources */ = {isa = PBXBuildFile; fileRef = BE4EB6E92A53BE660013970B /* AlamofireService.swift */; };
		BEA902782A65050400B026E3 /* MenuPresenterMock.swift in Sources */ = {isa = PBXBuildFile; fileRef = BE1D13FB2A64F41400BAF65F /* MenuPresenterMock.swift */; };
		BEA902832A6510E900B026E3 /* MenuViewControllerTest.swift in Sources */ = {isa = PBXBuildFile; fileRef = BEA9027E2A650DDE00B026E3 /* MenuViewControllerTest.swift */; };
		BEA902862A6514E200B026E3 /* CharacterModelTest.swift in Sources */ = {isa = PBXBuildFile; fileRef = BEA902852A6514E200B026E3 /* CharacterModelTest.swift */; };
		BEA902882A65152900B026E3 /* CharacterPresenterMock.swift in Sources */ = {isa = PBXBuildFile; fileRef = BEA902872A65152900B026E3 /* CharacterPresenterMock.swift */; };
		BEA9028A2A65188500B026E3 /* CharacterViewControllerTest.swift in Sources */ = {isa = PBXBuildFile; fileRef = BEA902892A65188500B026E3 /* CharacterViewControllerTest.swift */; };
/* End PBXBuildFile section */

/* Begin PBXContainerItemProxy section */
		BE4EB6C82A53A2630013970B /* PBXContainerItemProxy */ = {
			isa = PBXContainerItemProxy;
			containerPortal = BE4EB6A92A53A2610013970B /* Project object */;
			proxyType = 1;
			remoteGlobalIDString = BE4EB6B02A53A2610013970B;
			remoteInfo = RickAndMorty;
		};
		BE4EB6D22A53A2630013970B /* PBXContainerItemProxy */ = {
			isa = PBXContainerItemProxy;
			containerPortal = BE4EB6A92A53A2610013970B /* Project object */;
			proxyType = 1;
			remoteGlobalIDString = BE4EB6B02A53A2610013970B;
			remoteInfo = RickAndMorty;
		};
/* End PBXContainerItemProxy section */

/* Begin PBXFileReference section */
		BE1D13CA2A64D4CF00BAF65F /* Character.swift */ = {isa = PBXFileReference; lastKnownFileType = sourcecode.swift; path = Character.swift; sourceTree = "<group>"; };
		BE1D13CC2A64D7E000BAF65F /* CharacterViewController.storyboard */ = {isa = PBXFileReference; lastKnownFileType = file.storyboard; path = CharacterViewController.storyboard; sourceTree = "<group>"; };
		BE1D13D52A64D98100BAF65F /* CharacterCell.xib */ = {isa = PBXFileReference; lastKnownFileType = file.xib; path = CharacterCell.xib; sourceTree = "<group>"; };
		BE1D13D72A64DBDC00BAF65F /* CharacterCell.swift */ = {isa = PBXFileReference; lastKnownFileType = sourcecode.swift; path = CharacterCell.swift; sourceTree = "<group>"; };
		BE1D13DA2A64E71B00BAF65F /* ViewControllerProtocol.swift */ = {isa = PBXFileReference; lastKnownFileType = sourcecode.swift; path = ViewControllerProtocol.swift; sourceTree = "<group>"; };
		BE1D13DD2A64EC2A00BAF65F /* UIImageView+Extension.swift */ = {isa = PBXFileReference; lastKnownFileType = sourcecode.swift; path = "UIImageView+Extension.swift"; sourceTree = "<group>"; };
		BE1D13E62A64EFE300BAF65F /* MenuModelTest.swift */ = {isa = PBXFileReference; fileEncoding = 4; lastKnownFileType = sourcecode.swift; path = MenuModelTest.swift; sourceTree = "<group>"; usesTabs = 1; };
		BE1D13F72A64F34B00BAF65F /* AlamofireServiceMock.swift */ = {isa = PBXFileReference; lastKnownFileType = sourcecode.swift; path = AlamofireServiceMock.swift; sourceTree = "<group>"; };
		BE1D13FB2A64F41400BAF65F /* MenuPresenterMock.swift */ = {isa = PBXFileReference; lastKnownFileType = sourcecode.swift; path = MenuPresenterMock.swift; sourceTree = "<group>"; };
		BE4784E32A53C90C00E051FD /* Menu.swift */ = {isa = PBXFileReference; lastKnownFileType = sourcecode.swift; path = Menu.swift; sourceTree = "<group>"; };
		BE4784E62A53C94B00E051FD /* MenuPresenter.swift */ = {isa = PBXFileReference; lastKnownFileType = sourcecode.swift; path = MenuPresenter.swift; sourceTree = "<group>"; };
		BE4784E82A53C95700E051FD /* Constants.swift */ = {isa = PBXFileReference; lastKnownFileType = sourcecode.swift; path = Constants.swift; sourceTree = "<group>"; };
		BE4784EA2A53CA8D00E051FD /* MenuModel.swift */ = {isa = PBXFileReference; lastKnownFileType = sourcecode.swift; path = MenuModel.swift; sourceTree = "<group>"; };
		BE4784ED2A53D34200E051FD /* CharacterViewController.swift */ = {isa = PBXFileReference; lastKnownFileType = sourcecode.swift; path = CharacterViewController.swift; sourceTree = "<group>"; };
		BE4784EF2A53D35B00E051FD /* CharacterPresenter.swift */ = {isa = PBXFileReference; lastKnownFileType = sourcecode.swift; path = CharacterPresenter.swift; sourceTree = "<group>"; };
		BE4784F12A53D36600E051FD /* CharacterModel.swift */ = {isa = PBXFileReference; lastKnownFileType = sourcecode.swift; path = CharacterModel.swift; sourceTree = "<group>"; };
		BE4EB6B12A53A2610013970B /* RickAndMorty.app */ = {isa = PBXFileReference; explicitFileType = wrapper.application; includeInIndex = 0; path = RickAndMorty.app; sourceTree = BUILT_PRODUCTS_DIR; };
		BE4EB6B42A53A2610013970B /* AppDelegate.swift */ = {isa = PBXFileReference; lastKnownFileType = sourcecode.swift; path = AppDelegate.swift; sourceTree = "<group>"; };
		BE4EB6B82A53A2610013970B /* MenuViewController.swift */ = {isa = PBXFileReference; lastKnownFileType = sourcecode.swift; path = MenuViewController.swift; sourceTree = "<group>"; };
		BE4EB6BB2A53A2610013970B /* Base */ = {isa = PBXFileReference; lastKnownFileType = file.storyboard; name = Base; path = Base.lproj/Menu.storyboard; sourceTree = "<group>"; };
		BE4EB6BD2A53A2630013970B /* Assets.xcassets */ = {isa = PBXFileReference; lastKnownFileType = folder.assetcatalog; path = Assets.xcassets; sourceTree = "<group>"; };
		BE4EB6C02A53A2630013970B /* Base */ = {isa = PBXFileReference; lastKnownFileType = file.storyboard; name = Base; path = Base.lproj/LaunchScreen.storyboard; sourceTree = "<group>"; };
		BE4EB6C22A53A2630013970B /* Info.plist */ = {isa = PBXFileReference; lastKnownFileType = text.plist.xml; path = Info.plist; sourceTree = "<group>"; };
		BE4EB6C72A53A2630013970B /* RickAndMortyTests.xctest */ = {isa = PBXFileReference; explicitFileType = wrapper.cfbundle; includeInIndex = 0; path = RickAndMortyTests.xctest; sourceTree = BUILT_PRODUCTS_DIR; };
		BE4EB6D12A53A2630013970B /* RickAndMortyUITests.xctest */ = {isa = PBXFileReference; explicitFileType = wrapper.cfbundle; includeInIndex = 0; path = RickAndMortyUITests.xctest; sourceTree = BUILT_PRODUCTS_DIR; };
		BE4EB6E92A53BE660013970B /* AlamofireService.swift */ = {isa = PBXFileReference; lastKnownFileType = sourcecode.swift; path = AlamofireService.swift; sourceTree = "<group>"; };
		BEA9027E2A650DDE00B026E3 /* MenuViewControllerTest.swift */ = {isa = PBXFileReference; fileEncoding = 4; lastKnownFileType = sourcecode.swift; path = MenuViewControllerTest.swift; sourceTree = "<group>"; };
		BEA902822A650F0800B026E3 /* RickAndMorty.xctestplan */ = {isa = PBXFileReference; lastKnownFileType = text; name = RickAndMorty.xctestplan; path = ../RickAndMorty.xctestplan; sourceTree = "<group>"; };
		BEA902842A65115A00B026E3 /* RickAndMortyTests.xctestplan */ = {isa = PBXFileReference; lastKnownFileType = text; path = RickAndMortyTests.xctestplan; sourceTree = "<group>"; };
		BEA902852A6514E200B026E3 /* CharacterModelTest.swift */ = {isa = PBXFileReference; fileEncoding = 4; lastKnownFileType = sourcecode.swift; path = CharacterModelTest.swift; sourceTree = "<group>"; };
		BEA902872A65152900B026E3 /* CharacterPresenterMock.swift */ = {isa = PBXFileReference; lastKnownFileType = sourcecode.swift; path = CharacterPresenterMock.swift; sourceTree = "<group>"; };
		BEA902892A65188500B026E3 /* CharacterViewControllerTest.swift */ = {isa = PBXFileReference; lastKnownFileType = sourcecode.swift; path = CharacterViewControllerTest.swift; sourceTree = "<group>"; };
/* End PBXFileReference section */

/* Begin PBXFrameworksBuildPhase section */
		BE4EB6AE2A53A2610013970B /* Frameworks */ = {
			isa = PBXFrameworksBuildPhase;
			buildActionMask = 2147483647;
			files = (
				BE4EB6E72A53BBF40013970B /* Alamofire in Frameworks */,
			);
			runOnlyForDeploymentPostprocessing = 0;
		};
		BE4EB6C42A53A2630013970B /* Frameworks */ = {
			isa = PBXFrameworksBuildPhase;
			buildActionMask = 2147483647;
			files = (
				BE1D14002A64FF7A00BAF65F /* Nimble in Frameworks */,
				BE1D13FE2A64FF7A00BAF65F /* Quick in Frameworks */,
				BE1D13FA2A64F39600BAF65F /* Alamofire in Frameworks */,
			);
			runOnlyForDeploymentPostprocessing = 0;
		};
		BE4EB6CE2A53A2630013970B /* Frameworks */ = {
			isa = PBXFrameworksBuildPhase;
			buildActionMask = 2147483647;
			files = (
				BE1D14022A64FF8000BAF65F /* Quick in Frameworks */,
				BE1D14042A64FF8000BAF65F /* Nimble in Frameworks */,
			);
			runOnlyForDeploymentPostprocessing = 0;
		};
/* End PBXFrameworksBuildPhase section */

/* Begin PBXGroup section */
		BE1D13CE2A64D88D00BAF65F /* View */ = {
			isa = PBXGroup;
			children = (
				BE1D13D42A64D96700BAF65F /* Cells */,
				BE1D13CC2A64D7E000BAF65F /* CharacterViewController.storyboard */,
				BE4784ED2A53D34200E051FD /* CharacterViewController.swift */,
			);
			path = View;
			sourceTree = "<group>";
		};
		BE1D13CF2A64D8FA00BAF65F /* View */ = {
			isa = PBXGroup;
			children = (
				BE4EB6B82A53A2610013970B /* MenuViewController.swift */,
				BE4EB6BA2A53A2610013970B /* Menu.storyboard */,
			);
			path = View;
			sourceTree = "<group>";
		};
		BE1D13D02A64D90B00BAF65F /* Presenter */ = {
			isa = PBXGroup;
			children = (
				BE4784E62A53C94B00E051FD /* MenuPresenter.swift */,
			);
			path = Presenter;
			sourceTree = "<group>";
		};
		BE1D13D12A64D91C00BAF65F /* Model */ = {
			isa = PBXGroup;
			children = (
				BE4784EA2A53CA8D00E051FD /* MenuModel.swift */,
			);
			path = Model;
			sourceTree = "<group>";
		};
		BE1D13D22A64D92900BAF65F /* Presenter */ = {
			isa = PBXGroup;
			children = (
				BE4784EF2A53D35B00E051FD /* CharacterPresenter.swift */,
			);
			path = Presenter;
			sourceTree = "<group>";
		};
		BE1D13D32A64D93500BAF65F /* Model */ = {
			isa = PBXGroup;
			children = (
				BE4784F12A53D36600E051FD /* CharacterModel.swift */,
			);
			path = Model;
			sourceTree = "<group>";
		};
		BE1D13D42A64D96700BAF65F /* Cells */ = {
			isa = PBXGroup;
			children = (
				BE1D13D52A64D98100BAF65F /* CharacterCell.xib */,
				BE1D13D72A64DBDC00BAF65F /* CharacterCell.swift */,
			);
			path = Cells;
			sourceTree = "<group>";
		};
		BE1D13D92A64E6FF00BAF65F /* ViewProtocol */ = {
			isa = PBXGroup;
			children = (
				BE1D13DA2A64E71B00BAF65F /* ViewControllerProtocol.swift */,
			);
			path = ViewProtocol;
			sourceTree = "<group>";
		};
		BE1D13DC2A64EC1700BAF65F /* Extensions */ = {
			isa = PBXGroup;
			children = (
				BE1D13DD2A64EC2A00BAF65F /* UIImageView+Extension.swift */,
			);
			path = Extensions;
			sourceTree = "<group>";
		};
		BE1D13E52A64EFAC00BAF65F /* Menu */ = {
			isa = PBXGroup;
			children = (
				BEA9027E2A650DDE00B026E3 /* MenuViewControllerTest.swift */,
				BE1D13E62A64EFE300BAF65F /* MenuModelTest.swift */,
			);
			path = Menu;
			sourceTree = "<group>";
		};
		BE1D13EA2A64F22400BAF65F /* Frameworks */ = {
			isa = PBXGroup;
			children = (
			);
			name = Frameworks;
			sourceTree = "<group>";
		};
		BE1D13EF2A64F25100BAF65F /* Menu */ = {
			isa = PBXGroup;
			children = (
			);
			path = Menu;
			sourceTree = "<group>";
		};
		BE1D13F62A64F33900BAF65F /* Mocks */ = {
			isa = PBXGroup;
			children = (
				BE1D13F72A64F34B00BAF65F /* AlamofireServiceMock.swift */,
				BE1D13FB2A64F41400BAF65F /* MenuPresenterMock.swift */,
				BEA902872A65152900B026E3 /* CharacterPresenterMock.swift */,
			);
			path = Mocks;
			sourceTree = "<group>";
		};
		BE4784E22A53C86E00E051FD /* Pojos */ = {
			isa = PBXGroup;
			children = (
				BE4784E32A53C90C00E051FD /* Menu.swift */,
				BE1D13CA2A64D4CF00BAF65F /* Character.swift */,
			);
			path = Pojos;
			sourceTree = "<group>";
		};
		BE4784E52A53C92D00E051FD /* Services */ = {
			isa = PBXGroup;
			children = (
				BE4EB6E92A53BE660013970B /* AlamofireService.swift */,
			);
			path = Services;
			sourceTree = "<group>";
		};
		BE4784EC2A53D2EA00E051FD /* Character */ = {
			isa = PBXGroup;
			children = (
				BE1D13D32A64D93500BAF65F /* Model */,
				BE1D13D22A64D92900BAF65F /* Presenter */,
				BE1D13CE2A64D88D00BAF65F /* View */,
			);
			path = Character;
			sourceTree = "<group>";
		};
		BE4EB6A82A53A2610013970B = {
			isa = PBXGroup;
			children = (
				BEA902842A65115A00B026E3 /* RickAndMortyTests.xctestplan */,
				BEA902822A650F0800B026E3 /* RickAndMorty.xctestplan */,
				BE4EB6B32A53A2610013970B /* RickAndMorty */,
				BE4EB6CA2A53A2630013970B /* RickAndMortyTests */,
				BE4EB6D42A53A2630013970B /* RickAndMortyUITests */,
				BE4EB6B22A53A2610013970B /* Products */,
				BE1D13EA2A64F22400BAF65F /* Frameworks */,
			);
			sourceTree = "<group>";
		};
		BE4EB6B22A53A2610013970B /* Products */ = {
			isa = PBXGroup;
			children = (
				BE4EB6B12A53A2610013970B /* RickAndMorty.app */,
				BE4EB6C72A53A2630013970B /* RickAndMortyTests.xctest */,
				BE4EB6D12A53A2630013970B /* RickAndMortyUITests.xctest */,
			);
			name = Products;
			sourceTree = "<group>";
		};
		BE4EB6B32A53A2610013970B /* RickAndMorty */ = {
			isa = PBXGroup;
			children = (
				BE4784EC2A53D2EA00E051FD /* Character */,
				BE4EB6E82A53BE530013970B /* Commons */,
				BE4EB6E42A53A5A10013970B /* Menu */,
				BE4EB6B42A53A2610013970B /* AppDelegate.swift */,
				BE4EB6BD2A53A2630013970B /* Assets.xcassets */,
				BE4EB6BF2A53A2630013970B /* LaunchScreen.storyboard */,
				BE4EB6C22A53A2630013970B /* Info.plist */,
			);
			path = RickAndMorty;
			sourceTree = "<group>";
		};
		BE4EB6CA2A53A2630013970B /* RickAndMortyTests */ = {
			isa = PBXGroup;
			children = (
				BEA902812A650EA600B026E3 /* Characters */,
				BE1D13F62A64F33900BAF65F /* Mocks */,
				BE1D13E52A64EFAC00BAF65F /* Menu */,
			);
			path = RickAndMortyTests;
			sourceTree = "<group>";
		};
		BE4EB6D42A53A2630013970B /* RickAndMortyUITests */ = {
			isa = PBXGroup;
			children = (
				BE1D13EF2A64F25100BAF65F /* Menu */,
			);
			path = RickAndMortyUITests;
			sourceTree = "<group>";
		};
		BE4EB6E42A53A5A10013970B /* Menu */ = {
			isa = PBXGroup;
			children = (
				BE1D13D12A64D91C00BAF65F /* Model */,
				BE1D13D02A64D90B00BAF65F /* Presenter */,
				BE1D13CF2A64D8FA00BAF65F /* View */,
			);
			path = Menu;
			sourceTree = "<group>";
		};
		BE4EB6E82A53BE530013970B /* Commons */ = {
			isa = PBXGroup;
			children = (
				BE1D13DC2A64EC1700BAF65F /* Extensions */,
				BE1D13D92A64E6FF00BAF65F /* ViewProtocol */,
				BE4784E52A53C92D00E051FD /* Services */,
				BE4784E22A53C86E00E051FD /* Pojos */,
				BE4784E82A53C95700E051FD /* Constants.swift */,
			);
			path = Commons;
			sourceTree = "<group>";
		};
		BEA902812A650EA600B026E3 /* Characters */ = {
			isa = PBXGroup;
			children = (
				BEA902852A6514E200B026E3 /* CharacterModelTest.swift */,
				BEA902892A65188500B026E3 /* CharacterViewControllerTest.swift */,
			);
			path = Characters;
			sourceTree = "<group>";
		};
/* End PBXGroup section */

/* Begin PBXNativeTarget section */
		BE4EB6B02A53A2610013970B /* RickAndMorty */ = {
			isa = PBXNativeTarget;
			buildConfigurationList = BE4EB6DB2A53A2630013970B /* Build configuration list for PBXNativeTarget "RickAndMorty" */;
			buildPhases = (
				BE4EB6AD2A53A2610013970B /* Sources */,
				BE4EB6AE2A53A2610013970B /* Frameworks */,
				BE4EB6AF2A53A2610013970B /* Resources */,
			);
			buildRules = (
			);
			dependencies = (
			);
			name = RickAndMorty;
			packageProductDependencies = (
				BE4EB6E62A53BBF40013970B /* Alamofire */,
			);
			productName = RickAndMorty;
			productReference = BE4EB6B12A53A2610013970B /* RickAndMorty.app */;
			productType = "com.apple.product-type.application";
		};
		BE4EB6C62A53A2630013970B /* RickAndMortyTests */ = {
			isa = PBXNativeTarget;
			buildConfigurationList = BE4EB6DE2A53A2630013970B /* Build configuration list for PBXNativeTarget "RickAndMortyTests" */;
			buildPhases = (
				BE4EB6C32A53A2630013970B /* Sources */,
				BE4EB6C42A53A2630013970B /* Frameworks */,
				BE4EB6C52A53A2630013970B /* Resources */,
			);
			buildRules = (
			);
			dependencies = (
				BE4EB6C92A53A2630013970B /* PBXTargetDependency */,
			);
			name = RickAndMortyTests;
			packageProductDependencies = (
				BE1D13F92A64F39600BAF65F /* Alamofire */,
				BE1D13FD2A64FF7A00BAF65F /* Quick */,
				BE1D13FF2A64FF7A00BAF65F /* Nimble */,
			);
			productName = RickAndMortyTests;
			productReference = BE4EB6C72A53A2630013970B /* RickAndMortyTests.xctest */;
			productType = "com.apple.product-type.bundle.unit-test";
		};
		BE4EB6D02A53A2630013970B /* RickAndMortyUITests */ = {
			isa = PBXNativeTarget;
			buildConfigurationList = BE4EB6E12A53A2630013970B /* Build configuration list for PBXNativeTarget "RickAndMortyUITests" */;
			buildPhases = (
				BE4EB6CD2A53A2630013970B /* Sources */,
				BE4EB6CE2A53A2630013970B /* Frameworks */,
				BE4EB6CF2A53A2630013970B /* Resources */,
			);
			buildRules = (
			);
			dependencies = (
				BE4EB6D32A53A2630013970B /* PBXTargetDependency */,
			);
			name = RickAndMortyUITests;
			packageProductDependencies = (
				BE1D14012A64FF8000BAF65F /* Quick */,
				BE1D14032A64FF8000BAF65F /* Nimble */,
			);
			productName = RickAndMortyUITests;
			productReference = BE4EB6D12A53A2630013970B /* RickAndMortyUITests.xctest */;
			productType = "com.apple.product-type.bundle.ui-testing";
		};
/* End PBXNativeTarget section */

/* Begin PBXProject section */
		BE4EB6A92A53A2610013970B /* Project object */ = {
			isa = PBXProject;
			attributes = {
				BuildIndependentTargetsInParallel = 1;
				LastSwiftUpdateCheck = 1430;
				LastUpgradeCheck = 1430;
				TargetAttributes = {
					BE4EB6B02A53A2610013970B = {
						CreatedOnToolsVersion = 14.3;
					};
					BE4EB6C62A53A2630013970B = {
						CreatedOnToolsVersion = 14.3;
						LastSwiftMigration = 1430;
						TestTargetID = BE4EB6B02A53A2610013970B;
					};
					BE4EB6D02A53A2630013970B = {
						CreatedOnToolsVersion = 14.3;
						LastSwiftMigration = 1430;
						TestTargetID = BE4EB6B02A53A2610013970B;
					};
				};
			};
			buildConfigurationList = BE4EB6AC2A53A2610013970B /* Build configuration list for PBXProject "RickAndMorty" */;
			compatibilityVersion = "Xcode 14.0";
			developmentRegion = en;
			hasScannedForEncodings = 0;
			knownRegions = (
				en,
				Base,
			);
			mainGroup = BE4EB6A82A53A2610013970B;
			packageReferences = (
				BE4EB6E52A53BBF40013970B /* XCRemoteSwiftPackageReference "Alamofire" */,
				BE1D13DF2A64EF7900BAF65F /* XCRemoteSwiftPackageReference "Quick" */,
				BE1D13E22A64EF8B00BAF65F /* XCRemoteSwiftPackageReference "Nimble" */,
			);
			productRefGroup = BE4EB6B22A53A2610013970B /* Products */;
			projectDirPath = "";
			projectRoot = "";
			targets = (
				BE4EB6B02A53A2610013970B /* RickAndMorty */,
				BE4EB6C62A53A2630013970B /* RickAndMortyTests */,
				BE4EB6D02A53A2630013970B /* RickAndMortyUITests */,
			);
		};
/* End PBXProject section */

/* Begin PBXResourcesBuildPhase section */
		BE4EB6AF2A53A2610013970B /* Resources */ = {
			isa = PBXResourcesBuildPhase;
			buildActionMask = 2147483647;
			files = (
				BE4EB6C12A53A2630013970B /* LaunchScreen.storyboard in Resources */,
				BE1D13CD2A64D7E000BAF65F /* CharacterViewController.storyboard in Resources */,
				BE1D13D62A64D98100BAF65F /* CharacterCell.xib in Resources */,
				BE4EB6BE2A53A2630013970B /* Assets.xcassets in Resources */,
				BE4EB6BC2A53A2610013970B /* Menu.storyboard in Resources */,
			);
			runOnlyForDeploymentPostprocessing = 0;
		};
		BE4EB6C52A53A2630013970B /* Resources */ = {
			isa = PBXResourcesBuildPhase;
			buildActionMask = 2147483647;
			files = (
			);
			runOnlyForDeploymentPostprocessing = 0;
		};
		BE4EB6CF2A53A2630013970B /* Resources */ = {
			isa = PBXResourcesBuildPhase;
			buildActionMask = 2147483647;
			files = (
			);
			runOnlyForDeploymentPostprocessing = 0;
		};
/* End PBXResourcesBuildPhase section */

/* Begin PBXSourcesBuildPhase section */
		BE4EB6AD2A53A2610013970B /* Sources */ = {
			isa = PBXSourcesBuildPhase;
			buildActionMask = 2147483647;
			files = (
				BE1D13DB2A64E71B00BAF65F /* ViewControllerProtocol.swift in Sources */,
				BE4784E72A53C94B00E051FD /* MenuPresenter.swift in Sources */,
				BE1D13DE2A64EC2A00BAF65F /* UIImageView+Extension.swift in Sources */,
				BE4784F22A53D36600E051FD /* CharacterModel.swift in Sources */,
				BE1D13CB2A64D4CF00BAF65F /* Character.swift in Sources */,
				BE1D13D82A64DBDC00BAF65F /* CharacterCell.swift in Sources */,
				BE4784E42A53C90C00E051FD /* Menu.swift in Sources */,
				BE4EB6B92A53A2610013970B /* MenuViewController.swift in Sources */,
				BE4784F02A53D35B00E051FD /* CharacterPresenter.swift in Sources */,
				BE4784EB2A53CA8D00E051FD /* MenuModel.swift in Sources */,
				BE4784EE2A53D34200E051FD /* CharacterViewController.swift in Sources */,
				BE4EB6EA2A53BE660013970B /* AlamofireService.swift in Sources */,
				BE4EB6B52A53A2610013970B /* AppDelegate.swift in Sources */,
				BE4784E92A53C95700E051FD /* Constants.swift in Sources */,
			);
			runOnlyForDeploymentPostprocessing = 0;
		};
		BE4EB6C32A53A2630013970B /* Sources */ = {
			isa = PBXSourcesBuildPhase;
			buildActionMask = 2147483647;
			files = (
				BEA902882A65152900B026E3 /* CharacterPresenterMock.swift in Sources */,
				BEA9028A2A65188500B026E3 /* CharacterViewControllerTest.swift in Sources */,
				BEA902862A6514E200B026E3 /* CharacterModelTest.swift in Sources */,
				BE1D13FC2A64F41400BAF65F /* MenuPresenterMock.swift in Sources */,
				BE1D13F82A64F34B00BAF65F /* AlamofireServiceMock.swift in Sources */,
				BE1D13E72A64EFE300BAF65F /* MenuModelTest.swift in Sources */,
				BEA902832A6510E900B026E3 /* MenuViewControllerTest.swift in Sources */,
			);
			runOnlyForDeploymentPostprocessing = 0;
		};
		BE4EB6CD2A53A2630013970B /* Sources */ = {
			isa = PBXSourcesBuildPhase;
			buildActionMask = 2147483647;
			files = (
				BEA902782A65050400B026E3 /* MenuPresenterMock.swift in Sources */,
			);
			runOnlyForDeploymentPostprocessing = 0;
		};
/* End PBXSourcesBuildPhase section */

/* Begin PBXTargetDependency section */
		BE4EB6C92A53A2630013970B /* PBXTargetDependency */ = {
			isa = PBXTargetDependency;
			target = BE4EB6B02A53A2610013970B /* RickAndMorty */;
			targetProxy = BE4EB6C82A53A2630013970B /* PBXContainerItemProxy */;
		};
		BE4EB6D32A53A2630013970B /* PBXTargetDependency */ = {
			isa = PBXTargetDependency;
			target = BE4EB6B02A53A2610013970B /* RickAndMorty */;
			targetProxy = BE4EB6D22A53A2630013970B /* PBXContainerItemProxy */;
		};
/* End PBXTargetDependency section */

/* Begin PBXVariantGroup section */
		BE4EB6BA2A53A2610013970B /* Menu.storyboard */ = {
			isa = PBXVariantGroup;
			children = (
				BE4EB6BB2A53A2610013970B /* Base */,
			);
			name = Menu.storyboard;
			sourceTree = "<group>";
		};
		BE4EB6BF2A53A2630013970B /* LaunchScreen.storyboard */ = {
			isa = PBXVariantGroup;
			children = (
				BE4EB6C02A53A2630013970B /* Base */,
			);
			name = LaunchScreen.storyboard;
			sourceTree = "<group>";
		};
/* End PBXVariantGroup section */

/* Begin XCBuildConfiguration section */
		BE4EB6D92A53A2630013970B /* Debug */ = {
			isa = XCBuildConfiguration;
			buildSettings = {
				ALWAYS_SEARCH_USER_PATHS = NO;
				CLANG_ANALYZER_NONNULL = YES;
				CLANG_ANALYZER_NUMBER_OBJECT_CONVERSION = YES_AGGRESSIVE;
				CLANG_CXX_LANGUAGE_STANDARD = "gnu++20";
				CLANG_ENABLE_MODULES = YES;
				CLANG_ENABLE_OBJC_ARC = YES;
				CLANG_ENABLE_OBJC_WEAK = YES;
				CLANG_WARN_BLOCK_CAPTURE_AUTORELEASING = YES;
				CLANG_WARN_BOOL_CONVERSION = YES;
				CLANG_WARN_COMMA = YES;
				CLANG_WARN_CONSTANT_CONVERSION = YES;
				CLANG_WARN_DEPRECATED_OBJC_IMPLEMENTATIONS = YES;
				CLANG_WARN_DIRECT_OBJC_ISA_USAGE = YES_ERROR;
				CLANG_WARN_DOCUMENTATION_COMMENTS = YES;
				CLANG_WARN_EMPTY_BODY = YES;
				CLANG_WARN_ENUM_CONVERSION = YES;
				CLANG_WARN_INFINITE_RECURSION = YES;
				CLANG_WARN_INT_CONVERSION = YES;
				CLANG_WARN_NON_LITERAL_NULL_CONVERSION = YES;
				CLANG_WARN_OBJC_IMPLICIT_RETAIN_SELF = YES;
				CLANG_WARN_OBJC_LITERAL_CONVERSION = YES;
				CLANG_WARN_OBJC_ROOT_CLASS = YES_ERROR;
				CLANG_WARN_QUOTED_INCLUDE_IN_FRAMEWORK_HEADER = YES;
				CLANG_WARN_RANGE_LOOP_ANALYSIS = YES;
				CLANG_WARN_STRICT_PROTOTYPES = YES;
				CLANG_WARN_SUSPICIOUS_MOVE = YES;
				CLANG_WARN_UNGUARDED_AVAILABILITY = YES_AGGRESSIVE;
				CLANG_WARN_UNREACHABLE_CODE = YES;
				CLANG_WARN__DUPLICATE_METHOD_MATCH = YES;
				COPY_PHASE_STRIP = NO;
				DEBUG_INFORMATION_FORMAT = dwarf;
				ENABLE_STRICT_OBJC_MSGSEND = YES;
				ENABLE_TESTABILITY = YES;
				GCC_C_LANGUAGE_STANDARD = gnu11;
				GCC_DYNAMIC_NO_PIC = NO;
				GCC_NO_COMMON_BLOCKS = YES;
				GCC_OPTIMIZATION_LEVEL = 0;
				GCC_PREPROCESSOR_DEFINITIONS = (
					"DEBUG=1",
					"$(inherited)",
				);
				GCC_WARN_64_TO_32_BIT_CONVERSION = YES;
				GCC_WARN_ABOUT_RETURN_TYPE = YES_ERROR;
				GCC_WARN_UNDECLARED_SELECTOR = YES;
				GCC_WARN_UNINITIALIZED_AUTOS = YES_AGGRESSIVE;
				GCC_WARN_UNUSED_FUNCTION = YES;
				GCC_WARN_UNUSED_VARIABLE = YES;
				IPHONEOS_DEPLOYMENT_TARGET = 16.4;
				MTL_ENABLE_DEBUG_INFO = INCLUDE_SOURCE;
				MTL_FAST_MATH = YES;
				ONLY_ACTIVE_ARCH = YES;
				SDKROOT = iphoneos;
				SWIFT_ACTIVE_COMPILATION_CONDITIONS = DEBUG;
				SWIFT_OPTIMIZATION_LEVEL = "-Onone";
			};
			name = Debug;
		};
		BE4EB6DA2A53A2630013970B /* Release */ = {
			isa = XCBuildConfiguration;
			buildSettings = {
				ALWAYS_SEARCH_USER_PATHS = NO;
				CLANG_ANALYZER_NONNULL = YES;
				CLANG_ANALYZER_NUMBER_OBJECT_CONVERSION = YES_AGGRESSIVE;
				CLANG_CXX_LANGUAGE_STANDARD = "gnu++20";
				CLANG_ENABLE_MODULES = YES;
				CLANG_ENABLE_OBJC_ARC = YES;
				CLANG_ENABLE_OBJC_WEAK = YES;
				CLANG_WARN_BLOCK_CAPTURE_AUTORELEASING = YES;
				CLANG_WARN_BOOL_CONVERSION = YES;
				CLANG_WARN_COMMA = YES;
				CLANG_WARN_CONSTANT_CONVERSION = YES;
				CLANG_WARN_DEPRECATED_OBJC_IMPLEMENTATIONS = YES;
				CLANG_WARN_DIRECT_OBJC_ISA_USAGE = YES_ERROR;
				CLANG_WARN_DOCUMENTATION_COMMENTS = YES;
				CLANG_WARN_EMPTY_BODY = YES;
				CLANG_WARN_ENUM_CONVERSION = YES;
				CLANG_WARN_INFINITE_RECURSION = YES;
				CLANG_WARN_INT_CONVERSION = YES;
				CLANG_WARN_NON_LITERAL_NULL_CONVERSION = YES;
				CLANG_WARN_OBJC_IMPLICIT_RETAIN_SELF = YES;
				CLANG_WARN_OBJC_LITERAL_CONVERSION = YES;
				CLANG_WARN_OBJC_ROOT_CLASS = YES_ERROR;
				CLANG_WARN_QUOTED_INCLUDE_IN_FRAMEWORK_HEADER = YES;
				CLANG_WARN_RANGE_LOOP_ANALYSIS = YES;
				CLANG_WARN_STRICT_PROTOTYPES = YES;
				CLANG_WARN_SUSPICIOUS_MOVE = YES;
				CLANG_WARN_UNGUARDED_AVAILABILITY = YES_AGGRESSIVE;
				CLANG_WARN_UNREACHABLE_CODE = YES;
				CLANG_WARN__DUPLICATE_METHOD_MATCH = YES;
				COPY_PHASE_STRIP = NO;
				DEBUG_INFORMATION_FORMAT = "dwarf-with-dsym";
				ENABLE_NS_ASSERTIONS = NO;
				ENABLE_STRICT_OBJC_MSGSEND = YES;
				GCC_C_LANGUAGE_STANDARD = gnu11;
				GCC_NO_COMMON_BLOCKS = YES;
				GCC_WARN_64_TO_32_BIT_CONVERSION = YES;
				GCC_WARN_ABOUT_RETURN_TYPE = YES_ERROR;
				GCC_WARN_UNDECLARED_SELECTOR = YES;
				GCC_WARN_UNINITIALIZED_AUTOS = YES_AGGRESSIVE;
				GCC_WARN_UNUSED_FUNCTION = YES;
				GCC_WARN_UNUSED_VARIABLE = YES;
				IPHONEOS_DEPLOYMENT_TARGET = 16.4;
				MTL_ENABLE_DEBUG_INFO = NO;
				MTL_FAST_MATH = YES;
				SDKROOT = iphoneos;
				SWIFT_COMPILATION_MODE = wholemodule;
				SWIFT_OPTIMIZATION_LEVEL = "-O";
				VALIDATE_PRODUCT = YES;
			};
			name = Release;
		};
		BE4EB6DC2A53A2630013970B /* Debug */ = {
			isa = XCBuildConfiguration;
			buildSettings = {
				ASSETCATALOG_COMPILER_APPICON_NAME = AppIcon;
				ASSETCATALOG_COMPILER_GLOBAL_ACCENT_COLOR_NAME = AccentColor;
				CODE_SIGN_STYLE = Automatic;
				CURRENT_PROJECT_VERSION = 1;
				GENERATE_INFOPLIST_FILE = YES;
				INFOPLIST_FILE = RickAndMorty/Info.plist;
				INFOPLIST_KEY_UIApplicationSupportsIndirectInputEvents = YES;
				INFOPLIST_KEY_UILaunchStoryboardName = LaunchScreen;
				INFOPLIST_KEY_UIMainStoryboardFile = Menu;
				INFOPLIST_KEY_UISupportedInterfaceOrientations_iPad = "UIInterfaceOrientationPortrait UIInterfaceOrientationPortraitUpsideDown UIInterfaceOrientationLandscapeLeft UIInterfaceOrientationLandscapeRight";
				INFOPLIST_KEY_UISupportedInterfaceOrientations_iPhone = "UIInterfaceOrientationPortrait UIInterfaceOrientationLandscapeLeft UIInterfaceOrientationLandscapeRight";
				LD_RUNPATH_SEARCH_PATHS = (
					"$(inherited)",
					"@executable_path/Frameworks",
				);
				MARKETING_VERSION = 1.0;
				PRODUCT_BUNDLE_IDENTIFIER = edpinzon.RickAndMorty;
				PRODUCT_NAME = "$(TARGET_NAME)";
				SWIFT_EMIT_LOC_STRINGS = YES;
				SWIFT_VERSION = 5.0;
				TARGETED_DEVICE_FAMILY = "1,2";
			};
			name = Debug;
		};
		BE4EB6DD2A53A2630013970B /* Release */ = {
			isa = XCBuildConfiguration;
			buildSettings = {
				ASSETCATALOG_COMPILER_APPICON_NAME = AppIcon;
				ASSETCATALOG_COMPILER_GLOBAL_ACCENT_COLOR_NAME = AccentColor;
				CODE_SIGN_STYLE = Automatic;
				CURRENT_PROJECT_VERSION = 1;
				GENERATE_INFOPLIST_FILE = YES;
				INFOPLIST_FILE = RickAndMorty/Info.plist;
				INFOPLIST_KEY_UIApplicationSupportsIndirectInputEvents = YES;
				INFOPLIST_KEY_UILaunchStoryboardName = LaunchScreen;
				INFOPLIST_KEY_UIMainStoryboardFile = Menu;
				INFOPLIST_KEY_UISupportedInterfaceOrientations_iPad = "UIInterfaceOrientationPortrait UIInterfaceOrientationPortraitUpsideDown UIInterfaceOrientationLandscapeLeft UIInterfaceOrientationLandscapeRight";
				INFOPLIST_KEY_UISupportedInterfaceOrientations_iPhone = "UIInterfaceOrientationPortrait UIInterfaceOrientationLandscapeLeft UIInterfaceOrientationLandscapeRight";
				LD_RUNPATH_SEARCH_PATHS = (
					"$(inherited)",
					"@executable_path/Frameworks",
				);
				MARKETING_VERSION = 1.0;
				PRODUCT_BUNDLE_IDENTIFIER = edpinzon.RickAndMorty;
				PRODUCT_NAME = "$(TARGET_NAME)";
				SWIFT_EMIT_LOC_STRINGS = YES;
				SWIFT_VERSION = 5.0;
				TARGETED_DEVICE_FAMILY = "1,2";
			};
			name = Release;
		};
		BE4EB6DF2A53A2630013970B /* Debug */ = {
			isa = XCBuildConfiguration;
			buildSettings = {
				ALWAYS_EMBED_SWIFT_STANDARD_LIBRARIES = YES;
				BUNDLE_LOADER = "$(TEST_HOST)";
				CLANG_ENABLE_MODULES = YES;
				CODE_SIGN_STYLE = Automatic;
				CURRENT_PROJECT_VERSION = 1;
				GENERATE_INFOPLIST_FILE = YES;
				IPHONEOS_DEPLOYMENT_TARGET = 16.4;
				MARKETING_VERSION = 1.0;
				PRODUCT_BUNDLE_IDENTIFIER = edpinzon.RickAndMortyTests;
				PRODUCT_NAME = "$(TARGET_NAME)";
				SWIFT_EMIT_LOC_STRINGS = NO;
				SWIFT_OPTIMIZATION_LEVEL = "-Onone";
				SWIFT_VERSION = 5.0;
				TARGETED_DEVICE_FAMILY = "1,2";
				TEST_HOST = "$(BUILT_PRODUCTS_DIR)/RickAndMorty.app/$(BUNDLE_EXECUTABLE_FOLDER_PATH)/RickAndMorty";
			};
			name = Debug;
		};
		BE4EB6E02A53A2630013970B /* Release */ = {
			isa = XCBuildConfiguration;
			buildSettings = {
				ALWAYS_EMBED_SWIFT_STANDARD_LIBRARIES = YES;
				BUNDLE_LOADER = "$(TEST_HOST)";
				CLANG_ENABLE_MODULES = YES;
				CODE_SIGN_STYLE = Automatic;
				CURRENT_PROJECT_VERSION = 1;
				GENERATE_INFOPLIST_FILE = YES;
				IPHONEOS_DEPLOYMENT_TARGET = 16.4;
				MARKETING_VERSION = 1.0;
				PRODUCT_BUNDLE_IDENTIFIER = edpinzon.RickAndMortyTests;
				PRODUCT_NAME = "$(TARGET_NAME)";
				SWIFT_EMIT_LOC_STRINGS = NO;
				SWIFT_VERSION = 5.0;
				TARGETED_DEVICE_FAMILY = "1,2";
				TEST_HOST = "$(BUILT_PRODUCTS_DIR)/RickAndMorty.app/$(BUNDLE_EXECUTABLE_FOLDER_PATH)/RickAndMorty";
			};
			name = Release;
		};
		BE4EB6E22A53A2630013970B /* Debug */ = {
			isa = XCBuildConfiguration;
			buildSettings = {
				ALWAYS_EMBED_SWIFT_STANDARD_LIBRARIES = YES;
				CLANG_ENABLE_MODULES = YES;
				CODE_SIGN_STYLE = Automatic;
				CURRENT_PROJECT_VERSION = 1;
				GENERATE_INFOPLIST_FILE = YES;
				MARKETING_VERSION = 1.0;
				PRODUCT_BUNDLE_IDENTIFIER = edpinzon.RickAndMortyUITests;
				PRODUCT_NAME = "$(TARGET_NAME)";
				SWIFT_EMIT_LOC_STRINGS = NO;
				SWIFT_OPTIMIZATION_LEVEL = "-Onone";
				SWIFT_VERSION = 5.0;
				TARGETED_DEVICE_FAMILY = "1,2";
				TEST_TARGET_NAME = RickAndMorty;
			};
			name = Debug;
		};
		BE4EB6E32A53A2630013970B /* Release */ = {
			isa = XCBuildConfiguration;
			buildSettings = {
				ALWAYS_EMBED_SWIFT_STANDARD_LIBRARIES = YES;
				CLANG_ENABLE_MODULES = YES;
				CODE_SIGN_STYLE = Automatic;
				CURRENT_PROJECT_VERSION = 1;
				GENERATE_INFOPLIST_FILE = YES;
				MARKETING_VERSION = 1.0;
				PRODUCT_BUNDLE_IDENTIFIER = edpinzon.RickAndMortyUITests;
				PRODUCT_NAME = "$(TARGET_NAME)";
				SWIFT_EMIT_LOC_STRINGS = NO;
				SWIFT_VERSION = 5.0;
				TARGETED_DEVICE_FAMILY = "1,2";
				TEST_TARGET_NAME = RickAndMorty;
			};
			name = Release;
		};
/* End XCBuildConfiguration section */

/* Begin XCConfigurationList section */
		BE4EB6AC2A53A2610013970B /* Build configuration list for PBXProject "RickAndMorty" */ = {
			isa = XCConfigurationList;
			buildConfigurations = (
				BE4EB6D92A53A2630013970B /* Debug */,
				BE4EB6DA2A53A2630013970B /* Release */,
			);
			defaultConfigurationIsVisible = 0;
			defaultConfigurationName = Release;
		};
		BE4EB6DB2A53A2630013970B /* Build configuration list for PBXNativeTarget "RickAndMorty" */ = {
			isa = XCConfigurationList;
			buildConfigurations = (
				BE4EB6DC2A53A2630013970B /* Debug */,
				BE4EB6DD2A53A2630013970B /* Release */,
			);
			defaultConfigurationIsVisible = 0;
			defaultConfigurationName = Release;
		};
		BE4EB6DE2A53A2630013970B /* Build configuration list for PBXNativeTarget "RickAndMortyTests" */ = {
			isa = XCConfigurationList;
			buildConfigurations = (
				BE4EB6DF2A53A2630013970B /* Debug */,
				BE4EB6E02A53A2630013970B /* Release */,
			);
			defaultConfigurationIsVisible = 0;
			defaultConfigurationName = Release;
		};
		BE4EB6E12A53A2630013970B /* Build configuration list for PBXNativeTarget "RickAndMortyUITests" */ = {
			isa = XCConfigurationList;
			buildConfigurations = (
				BE4EB6E22A53A2630013970B /* Debug */,
				BE4EB6E32A53A2630013970B /* Release */,
			);
			defaultConfigurationIsVisible = 0;
			defaultConfigurationName = Release;
		};
/* End XCConfigurationList section */

/* Begin XCRemoteSwiftPackageReference section */
		BE1D13DF2A64EF7900BAF65F /* XCRemoteSwiftPackageReference "Quick" */ = {
			isa = XCRemoteSwiftPackageReference;
			repositoryURL = "https://github.com/Quick/Quick.git";
			requirement = {
				kind = exactVersion;
				version = 5.0.0;
			};
		};
		BE1D13E22A64EF8B00BAF65F /* XCRemoteSwiftPackageReference "Nimble" */ = {
			isa = XCRemoteSwiftPackageReference;
			repositoryURL = "https://github.com/Quick/Nimble";
			requirement = {
				kind = exactVersion;
				version = 10.0.0;
			};
		};
		BE4EB6E52A53BBF40013970B /* XCRemoteSwiftPackageReference "Alamofire" */ = {
			isa = XCRemoteSwiftPackageReference;
			repositoryURL = "https://github.com/Alamofire/Alamofire.git";
			requirement = {
				kind = upToNextMajorVersion;
				minimumVersion = 5.0.0;
			};
		};
/* End XCRemoteSwiftPackageReference section */

/* Begin XCSwiftPackageProductDependency section */
		BE1D13F92A64F39600BAF65F /* Alamofire */ = {
			isa = XCSwiftPackageProductDependency;
			package = BE4EB6E52A53BBF40013970B /* XCRemoteSwiftPackageReference "Alamofire" */;
			productName = Alamofire;
		};
		BE1D13FD2A64FF7A00BAF65F /* Quick */ = {
			isa = XCSwiftPackageProductDependency;
			package = BE1D13DF2A64EF7900BAF65F /* XCRemoteSwiftPackageReference "Quick" */;
			productName = Quick;
		};
		BE1D13FF2A64FF7A00BAF65F /* Nimble */ = {
			isa = XCSwiftPackageProductDependency;
			package = BE1D13E22A64EF8B00BAF65F /* XCRemoteSwiftPackageReference "Nimble" */;
			productName = Nimble;
		};
		BE1D14012A64FF8000BAF65F /* Quick */ = {
			isa = XCSwiftPackageProductDependency;
			package = BE1D13DF2A64EF7900BAF65F /* XCRemoteSwiftPackageReference "Quick" */;
			productName = Quick;
		};
		BE1D14032A64FF8000BAF65F /* Nimble */ = {
			isa = XCSwiftPackageProductDependency;
			package = BE1D13E22A64EF8B00BAF65F /* XCRemoteSwiftPackageReference "Nimble" */;
			productName = Nimble;
		};
		BE4EB6E62A53BBF40013970B /* Alamofire */ = {
			isa = XCSwiftPackageProductDependency;
			package = BE4EB6E52A53BBF40013970B /* XCRemoteSwiftPackageReference "Alamofire" */;
			productName = Alamofire;
		};
/* End XCSwiftPackageProductDependency section */
	};
	rootObject = BE4EB6A92A53A2610013970B /* Project object */;
}
